
Microsoft Visual Studio Solution File, Format Version 12.00
Project("{FAE04EC0-301F-11D3-BF4B-00C04F79EFBC}") = "ReferenceArchitecture.API", "ReferenceArchitecture.API\ReferenceArchitecture.API.csproj", "{EFEF3E5C-C4ED-4B6F-988A-6FCAC3675409}"
EndProject
Global
	GlobalSection(SolutionConfigurationPlatforms) = preSolution
		Debug|Any CPU = Debug|Any CPU
		Release|Any CPU = Release|Any CPU
	EndGlobalSection
	GlobalSection(ProjectConfigurationPlatforms) = postSolution
		{EFEF3E5C-C4ED-4B6F-988A-6FCAC3675409}.Debug|Any CPU.ActiveCfg = Debug|Any CPU
		{EFEF3E5C-C4ED-4B6F-988A-6FCAC3675409}.Debug|Any CPU.Build.0 = Debug|Any CPU
		{EFEF3E5C-C4ED-4B6F-988A-6FCAC3675409}.Release|Any CPU.ActiveCfg = Release|Any CPU
		{EFEF3E5C-C4ED-4B6F-988A-6FCAC3675409}.Release|Any CPU.Build.0 = Release|Any CPU
	EndGlobalSection
EndGlobal
