
Microsoft Visual Studio Solution File, Format Version 12.00
Project("{FAE04EC0-301F-11D3-BF4B-00C04F79EFBC}") = "Products.Service", "Products.Service\Products.Service.csproj", "{A57718F4-852E-4FBF-B96C-4A02E8C7002D}"
EndProject
Project("{FAE04EC0-301F-11D3-BF4B-00C04F79EFBC}") = "Products.Domain", "Products.Domain\Products.Domain.csproj", "{B9D40B51-AFD6-40CB-872D-63641318835F}"
EndProject
Project("{FAE04EC0-301F-11D3-BF4B-00C04F79EFBC}") = "Products.Application", "Products.Application\Products.Application.csproj", "{20868FFC-CF15-4259-90F0-6CC5F3941D00}"
EndProject
Project("{FAE04EC0-301F-11D3-BF4B-00C04F79EFBC}") = "Products.Persistence", "Products.Persistence\Products.Persistence.csproj", "{B6F2D2B8-48BB-4CCC-A0B6-9B0815556AA0}"
EndProject
Global
	GlobalSection(SolutionConfigurationPlatforms) = preSolution
		Debug|Any CPU = Debug|Any CPU
		Release|Any CPU = Release|Any CPU
	EndGlobalSection
	GlobalSection(ProjectConfigurationPlatforms) = postSolution
		{A57718F4-852E-4FBF-B96C-4A02E8C7002D}.Debug|Any CPU.ActiveCfg = Debug|Any CPU
		{A57718F4-852E-4FBF-B96C-4A02E8C7002D}.Debug|Any CPU.Build.0 = Debug|Any CPU
		{A57718F4-852E-4FBF-B96C-4A02E8C7002D}.Release|Any CPU.ActiveCfg = Release|Any CPU
		{A57718F4-852E-4FBF-B96C-4A02E8C7002D}.Release|Any CPU.Build.0 = Release|Any CPU
		{B9D40B51-AFD6-40CB-872D-63641318835F}.Debug|Any CPU.ActiveCfg = Debug|Any CPU
		{B9D40B51-AFD6-40CB-872D-63641318835F}.Debug|Any CPU.Build.0 = Debug|Any CPU
		{B9D40B51-AFD6-40CB-872D-63641318835F}.Release|Any CPU.ActiveCfg = Release|Any CPU
		{B9D40B51-AFD6-40CB-872D-63641318835F}.Release|Any CPU.Build.0 = Release|Any CPU
		{20868FFC-CF15-4259-90F0-6CC5F3941D00}.Debug|Any CPU.ActiveCfg = Debug|Any CPU
		{20868FFC-CF15-4259-90F0-6CC5F3941D00}.Debug|Any CPU.Build.0 = Debug|Any CPU
		{20868FFC-CF15-4259-90F0-6CC5F3941D00}.Release|Any CPU.ActiveCfg = Release|Any CPU
		{20868FFC-CF15-4259-90F0-6CC5F3941D00}.Release|Any CPU.Build.0 = Release|Any CPU
		{B6F2D2B8-48BB-4CCC-A0B6-9B0815556AA0}.Debug|Any CPU.ActiveCfg = Debug|Any CPU
		{B6F2D2B8-48BB-4CCC-A0B6-9B0815556AA0}.Debug|Any CPU.Build.0 = Debug|Any CPU
		{B6F2D2B8-48BB-4CCC-A0B6-9B0815556AA0}.Release|Any CPU.ActiveCfg = Release|Any CPU
		{B6F2D2B8-48BB-4CCC-A0B6-9B0815556AA0}.Release|Any CPU.Build.0 = Release|Any CPU
	EndGlobalSection
EndGlobal
