
Microsoft Visual Studio Solution File, Format Version 12.00
Project("{FAE04EC0-301F-11D3-BF4B-00C04F79EFBC}") = "Products.Service", "Products.Service\Products.Service.csproj", "{A57718F4-852E-4FBF-B96C-4A02E8C7002D}"
EndProject
Project("{FAE04EC0-301F-11D3-BF4B-00C04F79EFBC}") = "Products.Domain", "Products.Domain\Products.Domain.csproj", "{B9D40B51-AFD6-40CB-872D-63641318835F}"
EndProject
Project("{FAE04EC0-301F-11D3-BF4B-00C04F79EFBC}") = "Products.Application", "Products.Application\Products.Application.csproj", "{20868FFC-CF15-4259-90F0-6CC5F3941D00}"
EndProject
Project("{FAE04EC0-301F-11D3-BF4B-00C04F79EFBC}") = "Products.Persistence", "Products.Persistence\Products.Persistence.csproj", "{B6F2D2B8-48BB-4CCC-A0B6-9B0815556AA0}"
EndProject
Project("{2150E333-8FDC-42A3-9474-1A3956D46DE8}") = "src", "src", "{29023901-9139-42A3-B8DF-07668C5EE2C9}"
EndProject
Project("{2150E333-8FDC-42A3-9474-1A3956D46DE8}") = "tests", "tests", "{C0281EB3-9EC4-41E3-A501-5898ED35DA69}"
EndProject
Project("{FAE04EC0-301F-11D3-BF4B-00C04F79EFBC}") = "Products.Domain.Tests", "Products.Domain.Tests\Products.Domain.Tests.csproj", "{C57041E7-980D-41F0-8409-7B69063FF5DE}"
EndProject
Project("{FAE04EC0-301F-11D3-BF4B-00C04F79EFBC}") = "Products.Application.Tests", "Products.Application.Tests\Products.Application.Tests.csproj", "{D685F2E1-DC1A-45CF-8EF0-A98498C53585}"
EndProject
Global
	GlobalSection(SolutionConfigurationPlatforms) = preSolution
		Debug|Any CPU = Debug|Any CPU
		Release|Any CPU = Release|Any CPU
	EndGlobalSection
	GlobalSection(ProjectConfigurationPlatforms) = postSolution
		{A57718F4-852E-4FBF-B96C-4A02E8C7002D}.Debug|Any CPU.ActiveCfg = Debug|Any CPU
		{A57718F4-852E-4FBF-B96C-4A02E8C7002D}.Debug|Any CPU.Build.0 = Debug|Any CPU
		{A57718F4-852E-4FBF-B96C-4A02E8C7002D}.Release|Any CPU.ActiveCfg = Release|Any CPU
		{A57718F4-852E-4FBF-B96C-4A02E8C7002D}.Release|Any CPU.Build.0 = Release|Any CPU
		{B9D40B51-AFD6-40CB-872D-63641318835F}.Debug|Any CPU.ActiveCfg = Debug|Any CPU
		{B9D40B51-AFD6-40CB-872D-63641318835F}.Debug|Any CPU.Build.0 = Debug|Any CPU
		{B9D40B51-AFD6-40CB-872D-63641318835F}.Release|Any CPU.ActiveCfg = Release|Any CPU
		{B9D40B51-AFD6-40CB-872D-63641318835F}.Release|Any CPU.Build.0 = Release|Any CPU
		{20868FFC-CF15-4259-90F0-6CC5F3941D00}.Debug|Any CPU.ActiveCfg = Debug|Any CPU
		{20868FFC-CF15-4259-90F0-6CC5F3941D00}.Debug|Any CPU.Build.0 = Debug|Any CPU
		{20868FFC-CF15-4259-90F0-6CC5F3941D00}.Release|Any CPU.ActiveCfg = Release|Any CPU
		{20868FFC-CF15-4259-90F0-6CC5F3941D00}.Release|Any CPU.Build.0 = Release|Any CPU
		{B6F2D2B8-48BB-4CCC-A0B6-9B0815556AA0}.Debug|Any CPU.ActiveCfg = Debug|Any CPU
		{B6F2D2B8-48BB-4CCC-A0B6-9B0815556AA0}.Debug|Any CPU.Build.0 = Debug|Any CPU
		{B6F2D2B8-48BB-4CCC-A0B6-9B0815556AA0}.Release|Any CPU.ActiveCfg = Release|Any CPU
		{B6F2D2B8-48BB-4CCC-A0B6-9B0815556AA0}.Release|Any CPU.Build.0 = Release|Any CPU
		{C57041E7-980D-41F0-8409-7B69063FF5DE}.Debug|Any CPU.ActiveCfg = Debug|Any CPU
		{C57041E7-980D-41F0-8409-7B69063FF5DE}.Debug|Any CPU.Build.0 = Debug|Any CPU
		{C57041E7-980D-41F0-8409-7B69063FF5DE}.Release|Any CPU.ActiveCfg = Release|Any CPU
		{C57041E7-980D-41F0-8409-7B69063FF5DE}.Release|Any CPU.Build.0 = Release|Any CPU
		{D685F2E1-DC1A-45CF-8EF0-A98498C53585}.Debug|Any CPU.ActiveCfg = Debug|Any CPU
		{D685F2E1-DC1A-45CF-8EF0-A98498C53585}.Debug|Any CPU.Build.0 = Debug|Any CPU
		{D685F2E1-DC1A-45CF-8EF0-A98498C53585}.Release|Any CPU.ActiveCfg = Release|Any CPU
		{D685F2E1-DC1A-45CF-8EF0-A98498C53585}.Release|Any CPU.Build.0 = Release|Any CPU
	EndGlobalSection
	GlobalSection(NestedProjects) = preSolution
		{20868FFC-CF15-4259-90F0-6CC5F3941D00} = {29023901-9139-42A3-B8DF-07668C5EE2C9}
		{B9D40B51-AFD6-40CB-872D-63641318835F} = {29023901-9139-42A3-B8DF-07668C5EE2C9}
		{B6F2D2B8-48BB-4CCC-A0B6-9B0815556AA0} = {29023901-9139-42A3-B8DF-07668C5EE2C9}
		{A57718F4-852E-4FBF-B96C-4A02E8C7002D} = {29023901-9139-42A3-B8DF-07668C5EE2C9}
		{C57041E7-980D-41F0-8409-7B69063FF5DE} = {C0281EB3-9EC4-41E3-A501-5898ED35DA69}
		{D685F2E1-DC1A-45CF-8EF0-A98498C53585} = {C0281EB3-9EC4-41E3-A501-5898ED35DA69}
	EndGlobalSection
EndGlobal
